
Microsoft Visual Studio Solution File, Format Version 12.00
# Visual Studio 15
VisualStudioVersion = 15.0.27703.2000
MinimumVisualStudioVersion = 10.0.40219.1
Project("{FAE04EC0-301F-11D3-BF4B-00C04F79EFBC}") = "BO", "BO\BO.csproj", "{0BBA0441-0AB7-4112-946B-521C9CEC7367}"
EndProject
Project("{FAE04EC0-301F-11D3-BF4B-00C04F79EFBC}") = "Dojo", "Dojo\Dojo.csproj", "{682E0D49-AE94-40CF-BB70-3E4A6C24E882}"
EndProject
Global
	GlobalSection(SolutionConfigurationPlatforms) = preSolution
		Debug|Any CPU = Debug|Any CPU
		Release|Any CPU = Release|Any CPU
	EndGlobalSection
	GlobalSection(ProjectConfigurationPlatforms) = postSolution
		{0BBA0441-0AB7-4112-946B-521C9CEC7367}.Debug|Any CPU.ActiveCfg = Debug|Any CPU
		{0BBA0441-0AB7-4112-946B-521C9CEC7367}.Debug|Any CPU.Build.0 = Debug|Any CPU
		{0BBA0441-0AB7-4112-946B-521C9CEC7367}.Release|Any CPU.ActiveCfg = Release|Any CPU
		{0BBA0441-0AB7-4112-946B-521C9CEC7367}.Release|Any CPU.Build.0 = Release|Any CPU
		{682E0D49-AE94-40CF-BB70-3E4A6C24E882}.Debug|Any CPU.ActiveCfg = Debug|Any CPU
		{682E0D49-AE94-40CF-BB70-3E4A6C24E882}.Debug|Any CPU.Build.0 = Debug|Any CPU
		{682E0D49-AE94-40CF-BB70-3E4A6C24E882}.Release|Any CPU.ActiveCfg = Release|Any CPU
		{682E0D49-AE94-40CF-BB70-3E4A6C24E882}.Release|Any CPU.Build.0 = Release|Any CPU
	EndGlobalSection
	GlobalSection(SolutionProperties) = preSolution
		HideSolutionNode = FALSE
	EndGlobalSection
	GlobalSection(ExtensibilityGlobals) = postSolution
		SolutionGuid = {8BA28192-A783-4719-AF66-494ABAD8AA23}
	EndGlobalSection
EndGlobal
